// !$*UTF8*$!
{
	archiveVersion = 1;
	classes = {
	};
	objectVersion = 56;
	objects = {

/* Begin PBXBuildFile section */
		55AE34BC2D6DD5C60041D7DC /* AppDelegate.swift in Sources */ = {isa = PBXBuildFile; fileRef = 55AE34BB2D6DD5C60041D7DC /* AppDelegate.swift */; };
		55AE34BE2D6DD5C60041D7DC /* SceneDelegate.swift in Sources */ = {isa = PBXBuildFile; fileRef = 55AE34BD2D6DD5C60041D7DC /* SceneDelegate.swift */; };
		55AE34C02D6DD5C60041D7DC /* ViewController.swift in Sources */ = {isa = PBXBuildFile; fileRef = 55AE34BF2D6DD5C60041D7DC /* ViewController.swift */; };
		55AE34C32D6DD5C60041D7DC /* Base in Resources */ = {isa = PBXBuildFile; fileRef = 55AE34C22D6DD5C60041D7DC /* Base */; };
		55AE34C52D6DD5C90041D7DC /* Assets.xcassets in Resources */ = {isa = PBXBuildFile; fileRef = 55AE34C42D6DD5C90041D7DC /* Assets.xcassets */; };
		55AE34C82D6DD5C90041D7DC /* Base in Resources */ = {isa = PBXBuildFile; fileRef = 55AE34C72D6DD5C90041D7DC /* Base */; };
		55AE34D32D6DD5CA0041D7DC /* LeboncoinTests.swift in Sources */ = {isa = PBXBuildFile; fileRef = 55AE34D22D6DD5CA0041D7DC /* LeboncoinTests.swift */; };
		55AE34DD2D6DD5CA0041D7DC /* LeboncoinUITests.swift in Sources */ = {isa = PBXBuildFile; fileRef = 55AE34DC2D6DD5CA0041D7DC /* LeboncoinUITests.swift */; };
		55AE34DF2D6DD5CA0041D7DC /* LeboncoinUITestsLaunchTests.swift in Sources */ = {isa = PBXBuildFile; fileRef = 55AE34DE2D6DD5CA0041D7DC /* LeboncoinUITestsLaunchTests.swift */; };
/* End PBXBuildFile section */

/* Begin PBXContainerItemProxy section */
		55AE34CF2D6DD5CA0041D7DC /* PBXContainerItemProxy */ = {
			isa = PBXContainerItemProxy;
			containerPortal = 55AE34B02D6DD5C60041D7DC /* Project object */;
			proxyType = 1;
			remoteGlobalIDString = 55AE34B72D6DD5C60041D7DC;
			remoteInfo = Leboncoin;
		};
		55AE34D92D6DD5CA0041D7DC /* PBXContainerItemProxy */ = {
			isa = PBXContainerItemProxy;
			containerPortal = 55AE34B02D6DD5C60041D7DC /* Project object */;
			proxyType = 1;
			remoteGlobalIDString = 55AE34B72D6DD5C60041D7DC;
			remoteInfo = Leboncoin;
		};
/* End PBXContainerItemProxy section */

/* Begin PBXFileReference section */
		55AE34B82D6DD5C60041D7DC /* Leboncoin.app */ = {isa = PBXFileReference; explicitFileType = wrapper.application; includeInIndex = 0; path = Leboncoin.app; sourceTree = BUILT_PRODUCTS_DIR; };
		55AE34BB2D6DD5C60041D7DC /* AppDelegate.swift */ = {isa = PBXFileReference; lastKnownFileType = sourcecode.swift; path = AppDelegate.swift; sourceTree = "<group>"; };
		55AE34BD2D6DD5C60041D7DC /* SceneDelegate.swift */ = {isa = PBXFileReference; lastKnownFileType = sourcecode.swift; path = SceneDelegate.swift; sourceTree = "<group>"; };
		55AE34BF2D6DD5C60041D7DC /* ViewController.swift */ = {isa = PBXFileReference; lastKnownFileType = sourcecode.swift; path = ViewController.swift; sourceTree = "<group>"; };
		55AE34C22D6DD5C60041D7DC /* Base */ = {isa = PBXFileReference; lastKnownFileType = file.storyboard; name = Base; path = Base.lproj/Main.storyboard; sourceTree = "<group>"; };
		55AE34C42D6DD5C90041D7DC /* Assets.xcassets */ = {isa = PBXFileReference; lastKnownFileType = folder.assetcatalog; path = Assets.xcassets; sourceTree = "<group>"; };
		55AE34C72D6DD5C90041D7DC /* Base */ = {isa = PBXFileReference; lastKnownFileType = file.storyboard; name = Base; path = Base.lproj/LaunchScreen.storyboard; sourceTree = "<group>"; };
		55AE34C92D6DD5C90041D7DC /* Info.plist */ = {isa = PBXFileReference; lastKnownFileType = text.plist.xml; path = Info.plist; sourceTree = "<group>"; };
		55AE34CE2D6DD5CA0041D7DC /* LeboncoinTests.xctest */ = {isa = PBXFileReference; explicitFileType = wrapper.cfbundle; includeInIndex = 0; path = LeboncoinTests.xctest; sourceTree = BUILT_PRODUCTS_DIR; };
		55AE34D22D6DD5CA0041D7DC /* LeboncoinTests.swift */ = {isa = PBXFileReference; lastKnownFileType = sourcecode.swift; path = LeboncoinTests.swift; sourceTree = "<group>"; };
		55AE34D82D6DD5CA0041D7DC /* LeboncoinUITests.xctest */ = {isa = PBXFileReference; explicitFileType = wrapper.cfbundle; includeInIndex = 0; path = LeboncoinUITests.xctest; sourceTree = BUILT_PRODUCTS_DIR; };
		55AE34DC2D6DD5CA0041D7DC /* LeboncoinUITests.swift */ = {isa = PBXFileReference; lastKnownFileType = sourcecode.swift; path = LeboncoinUITests.swift; sourceTree = "<group>"; };
		55AE34DE2D6DD5CA0041D7DC /* LeboncoinUITestsLaunchTests.swift */ = {isa = PBXFileReference; lastKnownFileType = sourcecode.swift; path = LeboncoinUITestsLaunchTests.swift; sourceTree = "<group>"; };
/* End PBXFileReference section */

/* Begin PBXFrameworksBuildPhase section */
		55AE34B52D6DD5C60041D7DC /* Frameworks */ = {
			isa = PBXFrameworksBuildPhase;
			buildActionMask = 2147483647;
			files = (
			);
			runOnlyForDeploymentPostprocessing = 0;
		};
		55AE34CB2D6DD5CA0041D7DC /* Frameworks */ = {
			isa = PBXFrameworksBuildPhase;
			buildActionMask = 2147483647;
			files = (
			);
			runOnlyForDeploymentPostprocessing = 0;
		};
		55AE34D52D6DD5CA0041D7DC /* Frameworks */ = {
			isa = PBXFrameworksBuildPhase;
			buildActionMask = 2147483647;
			files = (
			);
			runOnlyForDeploymentPostprocessing = 0;
		};
/* End PBXFrameworksBuildPhase section */

/* Begin PBXGroup section */
		55AE34AF2D6DD5C60041D7DC = {
			isa = PBXGroup;
			children = (
				55AE34BA2D6DD5C60041D7DC /* Leboncoin */,
				55AE34D12D6DD5CA0041D7DC /* LeboncoinTests */,
				55AE34DB2D6DD5CA0041D7DC /* LeboncoinUITests */,
				55AE34B92D6DD5C60041D7DC /* Products */,
			);
			sourceTree = "<group>";
		};
		55AE34B92D6DD5C60041D7DC /* Products */ = {
			isa = PBXGroup;
			children = (
				55AE34B82D6DD5C60041D7DC /* Leboncoin.app */,
				55AE34CE2D6DD5CA0041D7DC /* LeboncoinTests.xctest */,
				55AE34D82D6DD5CA0041D7DC /* LeboncoinUITests.xctest */,
			);
			name = Products;
			sourceTree = "<group>";
		};
		55AE34BA2D6DD5C60041D7DC /* Leboncoin */ = {
			isa = PBXGroup;
			children = (
				55AE34BB2D6DD5C60041D7DC /* AppDelegate.swift */,
				55AE34BD2D6DD5C60041D7DC /* SceneDelegate.swift */,
				55AE34BF2D6DD5C60041D7DC /* ViewController.swift */,
				55AE34C12D6DD5C60041D7DC /* Main.storyboard */,
				55AE34C42D6DD5C90041D7DC /* Assets.xcassets */,
				55AE34C62D6DD5C90041D7DC /* LaunchScreen.storyboard */,
				55AE34C92D6DD5C90041D7DC /* Info.plist */,
			);
			path = Leboncoin;
			sourceTree = "<group>";
		};
		55AE34D12D6DD5CA0041D7DC /* LeboncoinTests */ = {
			isa = PBXGroup;
			children = (
				55AE34D22D6DD5CA0041D7DC /* LeboncoinTests.swift */,
			);
			path = LeboncoinTests;
			sourceTree = "<group>";
		};
		55AE34DB2D6DD5CA0041D7DC /* LeboncoinUITests */ = {
			isa = PBXGroup;
			children = (
				55AE34DC2D6DD5CA0041D7DC /* LeboncoinUITests.swift */,
				55AE34DE2D6DD5CA0041D7DC /* LeboncoinUITestsLaunchTests.swift */,
			);
			path = LeboncoinUITests;
			sourceTree = "<group>";
		};
/* End PBXGroup section */

/* Begin PBXNativeTarget section */
		55AE34B72D6DD5C60041D7DC /* Leboncoin */ = {
			isa = PBXNativeTarget;
			buildConfigurationList = 55AE34E22D6DD5CA0041D7DC /* Build configuration list for PBXNativeTarget "Leboncoin" */;
			buildPhases = (
				55AE34B42D6DD5C60041D7DC /* Sources */,
				55AE34B52D6DD5C60041D7DC /* Frameworks */,
				55AE34B62D6DD5C60041D7DC /* Resources */,
			);
			buildRules = (
			);
			dependencies = (
			);
			name = Leboncoin;
			productName = Leboncoin;
			productReference = 55AE34B82D6DD5C60041D7DC /* Leboncoin.app */;
			productType = "com.apple.product-type.application";
		};
		55AE34CD2D6DD5CA0041D7DC /* LeboncoinTests */ = {
			isa = PBXNativeTarget;
			buildConfigurationList = 55AE34E52D6DD5CA0041D7DC /* Build configuration list for PBXNativeTarget "LeboncoinTests" */;
			buildPhases = (
				55AE34CA2D6DD5CA0041D7DC /* Sources */,
				55AE34CB2D6DD5CA0041D7DC /* Frameworks */,
				55AE34CC2D6DD5CA0041D7DC /* Resources */,
			);
			buildRules = (
			);
			dependencies = (
				55AE34D02D6DD5CA0041D7DC /* PBXTargetDependency */,
			);
			name = LeboncoinTests;
			productName = LeboncoinTests;
			productReference = 55AE34CE2D6DD5CA0041D7DC /* LeboncoinTests.xctest */;
			productType = "com.apple.product-type.bundle.unit-test";
		};
		55AE34D72D6DD5CA0041D7DC /* LeboncoinUITests */ = {
			isa = PBXNativeTarget;
			buildConfigurationList = 55AE34E82D6DD5CA0041D7DC /* Build configuration list for PBXNativeTarget "LeboncoinUITests" */;
			buildPhases = (
				55AE34D42D6DD5CA0041D7DC /* Sources */,
				55AE34D52D6DD5CA0041D7DC /* Frameworks */,
				55AE34D62D6DD5CA0041D7DC /* Resources */,
			);
			buildRules = (
			);
			dependencies = (
				55AE34DA2D6DD5CA0041D7DC /* PBXTargetDependency */,
			);
			name = LeboncoinUITests;
			productName = LeboncoinUITests;
			productReference = 55AE34D82D6DD5CA0041D7DC /* LeboncoinUITests.xctest */;
			productType = "com.apple.product-type.bundle.ui-testing";
		};
/* End PBXNativeTarget section */

/* Begin PBXProject section */
		55AE34B02D6DD5C60041D7DC /* Project object */ = {
			isa = PBXProject;
			attributes = {
				BuildIndependentTargetsInParallel = 1;
				LastSwiftUpdateCheck = 1540;
				LastUpgradeCheck = 1540;
				TargetAttributes = {
					55AE34B72D6DD5C60041D7DC = {
						CreatedOnToolsVersion = 15.4;
					};
					55AE34CD2D6DD5CA0041D7DC = {
						CreatedOnToolsVersion = 15.4;
						TestTargetID = 55AE34B72D6DD5C60041D7DC;
					};
					55AE34D72D6DD5CA0041D7DC = {
						CreatedOnToolsVersion = 15.4;
						TestTargetID = 55AE34B72D6DD5C60041D7DC;
					};
				};
			};
			buildConfigurationList = 55AE34B32D6DD5C60041D7DC /* Build configuration list for PBXProject "Leboncoin" */;
			compatibilityVersion = "Xcode 14.0";
			developmentRegion = en;
			hasScannedForEncodings = 0;
			knownRegions = (
				en,
				Base,
			);
			mainGroup = 55AE34AF2D6DD5C60041D7DC;
			productRefGroup = 55AE34B92D6DD5C60041D7DC /* Products */;
			projectDirPath = "";
			projectRoot = "";
			targets = (
				55AE34B72D6DD5C60041D7DC /* Leboncoin */,
				55AE34CD2D6DD5CA0041D7DC /* LeboncoinTests */,
				55AE34D72D6DD5CA0041D7DC /* LeboncoinUITests */,
			);
		};
/* End PBXProject section */

/* Begin PBXResourcesBuildPhase section */
		55AE34B62D6DD5C60041D7DC /* Resources */ = {
			isa = PBXResourcesBuildPhase;
			buildActionMask = 2147483647;
			files = (
				55AE34C52D6DD5C90041D7DC /* Assets.xcassets in Resources */,
				55AE34C82D6DD5C90041D7DC /* Base in Resources */,
				55AE34C32D6DD5C60041D7DC /* Base in Resources */,
			);
			runOnlyForDeploymentPostprocessing = 0;
		};
		55AE34CC2D6DD5CA0041D7DC /* Resources */ = {
			isa = PBXResourcesBuildPhase;
			buildActionMask = 2147483647;
			files = (
			);
			runOnlyForDeploymentPostprocessing = 0;
		};
		55AE34D62D6DD5CA0041D7DC /* Resources */ = {
			isa = PBXResourcesBuildPhase;
			buildActionMask = 2147483647;
			files = (
			);
			runOnlyForDeploymentPostprocessing = 0;
		};
/* End PBXResourcesBuildPhase section */

/* Begin PBXSourcesBuildPhase section */
		55AE34B42D6DD5C60041D7DC /* Sources */ = {
			isa = PBXSourcesBuildPhase;
			buildActionMask = 2147483647;
			files = (
				55AE34C02D6DD5C60041D7DC /* ViewController.swift in Sources */,
				55AE34BC2D6DD5C60041D7DC /* AppDelegate.swift in Sources */,
				55AE34BE2D6DD5C60041D7DC /* SceneDelegate.swift in Sources */,
			);
			runOnlyForDeploymentPostprocessing = 0;
		};
		55AE34CA2D6DD5CA0041D7DC /* Sources */ = {
			isa = PBXSourcesBuildPhase;
			buildActionMask = 2147483647;
			files = (
				55AE34D32D6DD5CA0041D7DC /* LeboncoinTests.swift in Sources */,
			);
			runOnlyForDeploymentPostprocessing = 0;
		};
		55AE34D42D6DD5CA0041D7DC /* Sources */ = {
			isa = PBXSourcesBuildPhase;
			buildActionMask = 2147483647;
			files = (
				55AE34DF2D6DD5CA0041D7DC /* LeboncoinUITestsLaunchTests.swift in Sources */,
				55AE34DD2D6DD5CA0041D7DC /* LeboncoinUITests.swift in Sources */,
			);
			runOnlyForDeploymentPostprocessing = 0;
		};
/* End PBXSourcesBuildPhase section */

/* Begin PBXTargetDependency section */
		55AE34D02D6DD5CA0041D7DC /* PBXTargetDependency */ = {
			isa = PBXTargetDependency;
			target = 55AE34B72D6DD5C60041D7DC /* Leboncoin */;
			targetProxy = 55AE34CF2D6DD5CA0041D7DC /* PBXContainerItemProxy */;
		};
		55AE34DA2D6DD5CA0041D7DC /* PBXTargetDependency */ = {
			isa = PBXTargetDependency;
			target = 55AE34B72D6DD5C60041D7DC /* Leboncoin */;
			targetProxy = 55AE34D92D6DD5CA0041D7DC /* PBXContainerItemProxy */;
		};
/* End PBXTargetDependency section */

/* Begin PBXVariantGroup section */
		55AE34C12D6DD5C60041D7DC /* Main.storyboard */ = {
			isa = PBXVariantGroup;
			children = (
				55AE34C22D6DD5C60041D7DC /* Base */,
			);
			name = Main.storyboard;
			sourceTree = "<group>";
		};
		55AE34C62D6DD5C90041D7DC /* LaunchScreen.storyboard */ = {
			isa = PBXVariantGroup;
			children = (
				55AE34C72D6DD5C90041D7DC /* Base */,
			);
			name = LaunchScreen.storyboard;
			sourceTree = "<group>";
		};
/* End PBXVariantGroup section */

/* Begin XCBuildConfiguration section */
		55AE34E02D6DD5CA0041D7DC /* Debug */ = {
			isa = XCBuildConfiguration;
			buildSettings = {
				ALWAYS_SEARCH_USER_PATHS = NO;
				ASSETCATALOG_COMPILER_GENERATE_SWIFT_ASSET_SYMBOL_EXTENSIONS = YES;
				CLANG_ANALYZER_NONNULL = YES;
				CLANG_ANALYZER_NUMBER_OBJECT_CONVERSION = YES_AGGRESSIVE;
				CLANG_CXX_LANGUAGE_STANDARD = "gnu++20";
				CLANG_ENABLE_MODULES = YES;
				CLANG_ENABLE_OBJC_ARC = YES;
				CLANG_ENABLE_OBJC_WEAK = YES;
				CLANG_WARN_BLOCK_CAPTURE_AUTORELEASING = YES;
				CLANG_WARN_BOOL_CONVERSION = YES;
				CLANG_WARN_COMMA = YES;
				CLANG_WARN_CONSTANT_CONVERSION = YES;
				CLANG_WARN_DEPRECATED_OBJC_IMPLEMENTATIONS = YES;
				CLANG_WARN_DIRECT_OBJC_ISA_USAGE = YES_ERROR;
				CLANG_WARN_DOCUMENTATION_COMMENTS = YES;
				CLANG_WARN_EMPTY_BODY = YES;
				CLANG_WARN_ENUM_CONVERSION = YES;
				CLANG_WARN_INFINITE_RECURSION = YES;
				CLANG_WARN_INT_CONVERSION = YES;
				CLANG_WARN_NON_LITERAL_NULL_CONVERSION = YES;
				CLANG_WARN_OBJC_IMPLICIT_RETAIN_SELF = YES;
				CLANG_WARN_OBJC_LITERAL_CONVERSION = YES;
				CLANG_WARN_OBJC_ROOT_CLASS = YES_ERROR;
				CLANG_WARN_QUOTED_INCLUDE_IN_FRAMEWORK_HEADER = YES;
				CLANG_WARN_RANGE_LOOP_ANALYSIS = YES;
				CLANG_WARN_STRICT_PROTOTYPES = YES;
				CLANG_WARN_SUSPICIOUS_MOVE = YES;
				CLANG_WARN_UNGUARDED_AVAILABILITY = YES_AGGRESSIVE;
				CLANG_WARN_UNREACHABLE_CODE = YES;
				CLANG_WARN__DUPLICATE_METHOD_MATCH = YES;
				COPY_PHASE_STRIP = NO;
				DEBUG_INFORMATION_FORMAT = dwarf;
				ENABLE_STRICT_OBJC_MSGSEND = YES;
				ENABLE_TESTABILITY = YES;
				ENABLE_USER_SCRIPT_SANDBOXING = YES;
				GCC_C_LANGUAGE_STANDARD = gnu17;
				GCC_DYNAMIC_NO_PIC = NO;
				GCC_NO_COMMON_BLOCKS = YES;
				GCC_OPTIMIZATION_LEVEL = 0;
				GCC_PREPROCESSOR_DEFINITIONS = (
					"DEBUG=1",
					"$(inherited)",
				);
				GCC_WARN_64_TO_32_BIT_CONVERSION = YES;
				GCC_WARN_ABOUT_RETURN_TYPE = YES_ERROR;
				GCC_WARN_UNDECLARED_SELECTOR = YES;
				GCC_WARN_UNINITIALIZED_AUTOS = YES_AGGRESSIVE;
				GCC_WARN_UNUSED_FUNCTION = YES;
				GCC_WARN_UNUSED_VARIABLE = YES;
				IPHONEOS_DEPLOYMENT_TARGET = 17.5;
				LOCALIZATION_PREFERS_STRING_CATALOGS = YES;
				MTL_ENABLE_DEBUG_INFO = INCLUDE_SOURCE;
				MTL_FAST_MATH = YES;
				ONLY_ACTIVE_ARCH = YES;
				SDKROOT = iphoneos;
				SWIFT_ACTIVE_COMPILATION_CONDITIONS = "DEBUG $(inherited)";
				SWIFT_OPTIMIZATION_LEVEL = "-Onone";
			};
			name = Debug;
		};
		55AE34E12D6DD5CA0041D7DC /* Release */ = {
			isa = XCBuildConfiguration;
			buildSettings = {
				ALWAYS_SEARCH_USER_PATHS = NO;
				ASSETCATALOG_COMPILER_GENERATE_SWIFT_ASSET_SYMBOL_EXTENSIONS = YES;
				CLANG_ANALYZER_NONNULL = YES;
				CLANG_ANALYZER_NUMBER_OBJECT_CONVERSION = YES_AGGRESSIVE;
				CLANG_CXX_LANGUAGE_STANDARD = "gnu++20";
				CLANG_ENABLE_MODULES = YES;
				CLANG_ENABLE_OBJC_ARC = YES;
				CLANG_ENABLE_OBJC_WEAK = YES;
				CLANG_WARN_BLOCK_CAPTURE_AUTORELEASING = YES;
				CLANG_WARN_BOOL_CONVERSION = YES;
				CLANG_WARN_COMMA = YES;
				CLANG_WARN_CONSTANT_CONVERSION = YES;
				CLANG_WARN_DEPRECATED_OBJC_IMPLEMENTATIONS = YES;
				CLANG_WARN_DIRECT_OBJC_ISA_USAGE = YES_ERROR;
				CLANG_WARN_DOCUMENTATION_COMMENTS = YES;
				CLANG_WARN_EMPTY_BODY = YES;
				CLANG_WARN_ENUM_CONVERSION = YES;
				CLANG_WARN_INFINITE_RECURSION = YES;
				CLANG_WARN_INT_CONVERSION = YES;
				CLANG_WARN_NON_LITERAL_NULL_CONVERSION = YES;
				CLANG_WARN_OBJC_IMPLICIT_RETAIN_SELF = YES;
				CLANG_WARN_OBJC_LITERAL_CONVERSION = YES;
				CLANG_WARN_OBJC_ROOT_CLASS = YES_ERROR;
				CLANG_WARN_QUOTED_INCLUDE_IN_FRAMEWORK_HEADER = YES;
				CLANG_WARN_RANGE_LOOP_ANALYSIS = YES;
				CLANG_WARN_STRICT_PROTOTYPES = YES;
				CLANG_WARN_SUSPICIOUS_MOVE = YES;
				CLANG_WARN_UNGUARDED_AVAILABILITY = YES_AGGRESSIVE;
				CLANG_WARN_UNREACHABLE_CODE = YES;
				CLANG_WARN__DUPLICATE_METHOD_MATCH = YES;
				COPY_PHASE_STRIP = NO;
				DEBUG_INFORMATION_FORMAT = "dwarf-with-dsym";
				ENABLE_NS_ASSERTIONS = NO;
				ENABLE_STRICT_OBJC_MSGSEND = YES;
				ENABLE_USER_SCRIPT_SANDBOXING = YES;
				GCC_C_LANGUAGE_STANDARD = gnu17;
				GCC_NO_COMMON_BLOCKS = YES;
				GCC_WARN_64_TO_32_BIT_CONVERSION = YES;
				GCC_WARN_ABOUT_RETURN_TYPE = YES_ERROR;
				GCC_WARN_UNDECLARED_SELECTOR = YES;
				GCC_WARN_UNINITIALIZED_AUTOS = YES_AGGRESSIVE;
				GCC_WARN_UNUSED_FUNCTION = YES;
				GCC_WARN_UNUSED_VARIABLE = YES;
				IPHONEOS_DEPLOYMENT_TARGET = 17.5;
				LOCALIZATION_PREFERS_STRING_CATALOGS = YES;
				MTL_ENABLE_DEBUG_INFO = NO;
				MTL_FAST_MATH = YES;
				SDKROOT = iphoneos;
				SWIFT_COMPILATION_MODE = wholemodule;
				VALIDATE_PRODUCT = YES;
			};
			name = Release;
		};
		55AE34E32D6DD5CA0041D7DC /* Debug */ = {
			isa = XCBuildConfiguration;
			buildSettings = {
				ASSETCATALOG_COMPILER_APPICON_NAME = AppIcon;
				ASSETCATALOG_COMPILER_GLOBAL_ACCENT_COLOR_NAME = AccentColor;
				CODE_SIGN_STYLE = Automatic;
				CURRENT_PROJECT_VERSION = 1;
				GENERATE_INFOPLIST_FILE = YES;
				INFOPLIST_FILE = Leboncoin/Info.plist;
				INFOPLIST_KEY_UIApplicationSupportsIndirectInputEvents = YES;
				INFOPLIST_KEY_UILaunchStoryboardName = LaunchScreen;
				INFOPLIST_KEY_UIMainStoryboardFile = Main;
				INFOPLIST_KEY_UISupportedInterfaceOrientations = UIInterfaceOrientationPortrait;
				IPHONEOS_DEPLOYMENT_TARGET = 14.0;
				LD_RUNPATH_SEARCH_PATHS = (
					"$(inherited)",
					"@executable_path/Frameworks",
				);
				MARKETING_VERSION = 1.0;
				PRODUCT_BUNDLE_IDENTIFIER = com.oscargarrucho.Leboncoin;
				PRODUCT_NAME = "$(TARGET_NAME)";
				SWIFT_EMIT_LOC_STRINGS = YES;
				SWIFT_VERSION = 5.0;
				TARGETED_DEVICE_FAMILY = "1,2";
			};
			name = Debug;
		};
		55AE34E42D6DD5CA0041D7DC /* Release */ = {
			isa = XCBuildConfiguration;
			buildSettings = {
				ASSETCATALOG_COMPILER_APPICON_NAME = AppIcon;
				ASSETCATALOG_COMPILER_GLOBAL_ACCENT_COLOR_NAME = AccentColor;
				CODE_SIGN_STYLE = Automatic;
				CURRENT_PROJECT_VERSION = 1;
				GENERATE_INFOPLIST_FILE = YES;
				INFOPLIST_FILE = Leboncoin/Info.plist;
				INFOPLIST_KEY_UIApplicationSupportsIndirectInputEvents = YES;
				INFOPLIST_KEY_UILaunchStoryboardName = LaunchScreen;
				INFOPLIST_KEY_UIMainStoryboardFile = Main;
				INFOPLIST_KEY_UISupportedInterfaceOrientations = UIInterfaceOrientationPortrait;
				IPHONEOS_DEPLOYMENT_TARGET = 14.0;
				LD_RUNPATH_SEARCH_PATHS = (
					"$(inherited)",
					"@executable_path/Frameworks",
				);
				MARKETING_VERSION = 1.0;
				PRODUCT_BUNDLE_IDENTIFIER = com.oscargarrucho.Leboncoin;
				PRODUCT_NAME = "$(TARGET_NAME)";
				SWIFT_EMIT_LOC_STRINGS = YES;
				SWIFT_VERSION = 5.0;
				TARGETED_DEVICE_FAMILY = "1,2";
			};
			name = Release;
		};
		55AE34E62D6DD5CA0041D7DC /* Debug */ = {
			isa = XCBuildConfiguration;
			buildSettings = {
				ALWAYS_EMBED_SWIFT_STANDARD_LIBRARIES = YES;
				BUNDLE_LOADER = "$(TEST_HOST)";
				CODE_SIGN_STYLE = Automatic;
				CURRENT_PROJECT_VERSION = 1;
				GENERATE_INFOPLIST_FILE = YES;
				IPHONEOS_DEPLOYMENT_TARGET = 17.5;
				MARKETING_VERSION = 1.0;
				PRODUCT_BUNDLE_IDENTIFIER = com.oscargarrucho.LeboncoinTests;
				PRODUCT_NAME = "$(TARGET_NAME)";
				SWIFT_EMIT_LOC_STRINGS = NO;
				SWIFT_VERSION = 5.0;
				TARGETED_DEVICE_FAMILY = "1,2";
				TEST_HOST = "$(BUILT_PRODUCTS_DIR)/Leboncoin.app/$(BUNDLE_EXECUTABLE_FOLDER_PATH)/Leboncoin";
			};
			name = Debug;
		};
		55AE34E72D6DD5CA0041D7DC /* Release */ = {
			isa = XCBuildConfiguration;
			buildSettings = {
				ALWAYS_EMBED_SWIFT_STANDARD_LIBRARIES = YES;
				BUNDLE_LOADER = "$(TEST_HOST)";
				CODE_SIGN_STYLE = Automatic;
				CURRENT_PROJECT_VERSION = 1;
				GENERATE_INFOPLIST_FILE = YES;
				IPHONEOS_DEPLOYMENT_TARGET = 17.5;
				MARKETING_VERSION = 1.0;
				PRODUCT_BUNDLE_IDENTIFIER = com.oscargarrucho.LeboncoinTests;
				PRODUCT_NAME = "$(TARGET_NAME)";
				SWIFT_EMIT_LOC_STRINGS = NO;
				SWIFT_VERSION = 5.0;
				TARGETED_DEVICE_FAMILY = "1,2";
				TEST_HOST = "$(BUILT_PRODUCTS_DIR)/Leboncoin.app/$(BUNDLE_EXECUTABLE_FOLDER_PATH)/Leboncoin";
			};
			name = Release;
		};
		55AE34E92D6DD5CA0041D7DC /* Debug */ = {
			isa = XCBuildConfiguration;
			buildSettings = {
				ALWAYS_EMBED_SWIFT_STANDARD_LIBRARIES = YES;
				CODE_SIGN_STYLE = Automatic;
				CURRENT_PROJECT_VERSION = 1;
				GENERATE_INFOPLIST_FILE = YES;
				MARKETING_VERSION = 1.0;
				PRODUCT_BUNDLE_IDENTIFIER = com.oscargarrucho.LeboncoinUITests;
				PRODUCT_NAME = "$(TARGET_NAME)";
				SWIFT_EMIT_LOC_STRINGS = NO;
				SWIFT_VERSION = 5.0;
				TARGETED_DEVICE_FAMILY = "1,2";
				TEST_TARGET_NAME = Leboncoin;
			};
			name = Debug;
		};
		55AE34EA2D6DD5CA0041D7DC /* Release */ = {
			isa = XCBuildConfiguration;
			buildSettings = {
				ALWAYS_EMBED_SWIFT_STANDARD_LIBRARIES = YES;
				CODE_SIGN_STYLE = Automatic;
				CURRENT_PROJECT_VERSION = 1;
				GENERATE_INFOPLIST_FILE = YES;
				MARKETING_VERSION = 1.0;
				PRODUCT_BUNDLE_IDENTIFIER = com.oscargarrucho.LeboncoinUITests;
				PRODUCT_NAME = "$(TARGET_NAME)";
				SWIFT_EMIT_LOC_STRINGS = NO;
				SWIFT_VERSION = 5.0;
				TARGETED_DEVICE_FAMILY = "1,2";
				TEST_TARGET_NAME = Leboncoin;
			};
			name = Release;
		};
/* End XCBuildConfiguration section */

/* Begin XCConfigurationList section */
		55AE34B32D6DD5C60041D7DC /* Build configuration list for PBXProject "Leboncoin" */ = {
			isa = XCConfigurationList;
			buildConfigurations = (
				55AE34E02D6DD5CA0041D7DC /* Debug */,
				55AE34E12D6DD5CA0041D7DC /* Release */,
			);
			defaultConfigurationIsVisible = 0;
			defaultConfigurationName = Release;
		};
		55AE34E22D6DD5CA0041D7DC /* Build configuration list for PBXNativeTarget "Leboncoin" */ = {
			isa = XCConfigurationList;
			buildConfigurations = (
				55AE34E32D6DD5CA0041D7DC /* Debug */,
				55AE34E42D6DD5CA0041D7DC /* Release */,
			);
			defaultConfigurationIsVisible = 0;
			defaultConfigurationName = Release;
		};
		55AE34E52D6DD5CA0041D7DC /* Build configuration list for PBXNativeTarget "LeboncoinTests" */ = {
			isa = XCConfigurationList;
			buildConfigurations = (
				55AE34E62D6DD5CA0041D7DC /* Debug */,
				55AE34E72D6DD5CA0041D7DC /* Release */,
			);
			defaultConfigurationIsVisible = 0;
			defaultConfigurationName = Release;
		};
		55AE34E82D6DD5CA0041D7DC /* Build configuration list for PBXNativeTarget "LeboncoinUITests" */ = {
			isa = XCConfigurationList;
			buildConfigurations = (
				55AE34E92D6DD5CA0041D7DC /* Debug */,
				55AE34EA2D6DD5CA0041D7DC /* Release */,
			);
			defaultConfigurationIsVisible = 0;
			defaultConfigurationName = Release;
		};
/* End XCConfigurationList section */
	};
	rootObject = 55AE34B02D6DD5C60041D7DC /* Project object */;
}
